{
    "_readme": [
        "This file locks the dependencies of your project to a known state",
        "Read more about it at https://getcomposer.org/doc/01-basic-usage.md#installing-dependencies",
        "This file is @generated automatically"
    ],
    "content-hash": "dfd05dd9320e3cd8fbd7f006835e7f7c",
    "packages": [
        {
            "name": "doctrine/cache",
            "version": "2.2.0",
            "source": {
                "type": "git",
                "url": "https://github.com/doctrine/cache.git",
                "reference": "1ca8f21980e770095a31456042471a57bc4c68fb"
            },
            "dist": {
                "type": "zip",
                "url": "https://api.github.com/repos/doctrine/cache/zipball/1ca8f21980e770095a31456042471a57bc4c68fb",
                "reference": "1ca8f21980e770095a31456042471a57bc4c68fb",
                "shasum": ""
            },
            "require": {
                "php": "~7.1 || ^8.0"
            },
            "conflict": {
                "doctrine/common": ">2.2,<2.4"
            },
            "require-dev": {
                "cache/integration-tests": "dev-master",
                "doctrine/coding-standard": "^9",
                "phpunit/phpunit": "^7.5 || ^8.5 || ^9.5",
                "psr/cache": "^1.0 || ^2.0 || ^3.0",
                "symfony/cache": "^4.4 || ^5.4 || ^6",
                "symfony/var-exporter": "^4.4 || ^5.4 || ^6"
            },
            "type": "library",
            "autoload": {
                "psr-4": {
                    "Doctrine\\Common\\Cache\\": "lib/Doctrine/Common/Cache"
                }
            },
            "notification-url": "https://packagist.org/downloads/",
            "license": [
                "MIT"
            ],
            "authors": [
                {
                    "name": "Guilherme Blanco",
                    "email": "guilhermeblanco@gmail.com"
                },
                {
                    "name": "Roman Borschel",
                    "email": "roman@code-factory.org"
                },
                {
                    "name": "Benjamin Eberlei",
                    "email": "kontakt@beberlei.de"
                },
                {
                    "name": "Jonathan Wage",
                    "email": "jonwage@gmail.com"
                },
                {
                    "name": "Johannes Schmitt",
                    "email": "schmittjoh@gmail.com"
                }
            ],
            "description": "PHP Doctrine Cache library is a popular cache implementation that supports many different drivers such as redis, memcache, apc, mongodb and others.",
            "homepage": "https://www.doctrine-project.org/projects/cache.html",
            "keywords": [
                "abstraction",
                "apcu",
                "cache",
                "caching",
                "couchdb",
                "memcached",
                "php",
                "redis",
                "xcache"
            ],
            "support": {
                "issues": "https://github.com/doctrine/cache/issues",
                "source": "https://github.com/doctrine/cache/tree/2.2.0"
            },
            "funding": [
                {
                    "url": "https://www.doctrine-project.org/sponsorship.html",
                    "type": "custom"
                },
                {
                    "url": "https://www.patreon.com/phpdoctrine",
                    "type": "patreon"
                },
                {
                    "url": "https://tidelift.com/funding/github/packagist/doctrine%2Fcache",
                    "type": "tidelift"
                }
            ],
            "time": "2022-05-20T20:07:39+00:00"
        },
        {
            "name": "doctrine/dbal",
            "version": "3.6.0",
            "source": {
                "type": "git",
                "url": "https://github.com/doctrine/dbal.git",
                "reference": "85b98cb23c8af471a67abfe14485da696bcabc2e"
            },
            "dist": {
                "type": "zip",
                "url": "https://api.github.com/repos/doctrine/dbal/zipball/85b98cb23c8af471a67abfe14485da696bcabc2e",
                "reference": "85b98cb23c8af471a67abfe14485da696bcabc2e",
                "shasum": ""
            },
            "require": {
                "composer-runtime-api": "^2",
                "doctrine/cache": "^1.11|^2.0",
                "doctrine/deprecations": "^0.5.3|^1",
                "doctrine/event-manager": "^1|^2",
                "php": "^7.4 || ^8.0",
                "psr/cache": "^1|^2|^3",
                "psr/log": "^1|^2|^3"
            },
            "require-dev": {
                "doctrine/coding-standard": "11.1.0",
                "fig/log-test": "^1",
                "jetbrains/phpstorm-stubs": "2022.3",
                "phpstan/phpstan": "1.9.14",
                "phpstan/phpstan-strict-rules": "^1.4",
                "phpunit/phpunit": "9.6.3",
                "psalm/plugin-phpunit": "0.18.4",
                "squizlabs/php_codesniffer": "3.7.1",
                "symfony/cache": "^5.4|^6.0",
                "symfony/console": "^4.4|^5.4|^6.0",
                "vimeo/psalm": "4.30.0"
            },
            "suggest": {
                "symfony/console": "For helpful console commands such as SQL execution and import of files."
            },
            "bin": [
                "bin/doctrine-dbal"
            ],
            "type": "library",
            "autoload": {
                "psr-4": {
                    "Doctrine\\DBAL\\": "src"
                }
            },
            "notification-url": "https://packagist.org/downloads/",
            "license": [
                "MIT"
            ],
            "authors": [
                {
                    "name": "Guilherme Blanco",
                    "email": "guilhermeblanco@gmail.com"
                },
                {
                    "name": "Roman Borschel",
                    "email": "roman@code-factory.org"
                },
                {
                    "name": "Benjamin Eberlei",
                    "email": "kontakt@beberlei.de"
                },
                {
                    "name": "Jonathan Wage",
                    "email": "jonwage@gmail.com"
                }
            ],
            "description": "Powerful PHP database abstraction layer (DBAL) with many features for database schema introspection and management.",
            "homepage": "https://www.doctrine-project.org/projects/dbal.html",
            "keywords": [
                "abstraction",
                "database",
                "db2",
                "dbal",
                "mariadb",
                "mssql",
                "mysql",
                "oci8",
                "oracle",
                "pdo",
                "pgsql",
                "postgresql",
                "queryobject",
                "sasql",
                "sql",
                "sqlite",
                "sqlserver",
                "sqlsrv"
            ],
            "support": {
                "issues": "https://github.com/doctrine/dbal/issues",
                "source": "https://github.com/doctrine/dbal/tree/3.6.0"
            },
            "funding": [
                {
                    "url": "https://www.doctrine-project.org/sponsorship.html",
                    "type": "custom"
                },
                {
                    "url": "https://www.patreon.com/phpdoctrine",
                    "type": "patreon"
                },
                {
                    "url": "https://tidelift.com/funding/github/packagist/doctrine%2Fdbal",
                    "type": "tidelift"
                }
            ],
            "time": "2023-02-07T22:52:03+00:00"
        },
        {
            "name": "doctrine/deprecations",
            "version": "v1.0.0",
            "source": {
                "type": "git",
                "url": "https://github.com/doctrine/deprecations.git",
                "reference": "0e2a4f1f8cdfc7a92ec3b01c9334898c806b30de"
            },
            "dist": {
                "type": "zip",
                "url": "https://api.github.com/repos/doctrine/deprecations/zipball/0e2a4f1f8cdfc7a92ec3b01c9334898c806b30de",
                "reference": "0e2a4f1f8cdfc7a92ec3b01c9334898c806b30de",
                "shasum": ""
            },
            "require": {
                "php": "^7.1|^8.0"
            },
            "require-dev": {
                "doctrine/coding-standard": "^9",
                "phpunit/phpunit": "^7.5|^8.5|^9.5",
                "psr/log": "^1|^2|^3"
            },
            "suggest": {
                "psr/log": "Allows logging deprecations via PSR-3 logger implementation"
            },
            "type": "library",
            "autoload": {
                "psr-4": {
                    "Doctrine\\Deprecations\\": "lib/Doctrine/Deprecations"
                }
            },
            "notification-url": "https://packagist.org/downloads/",
            "license": [
                "MIT"
            ],
            "description": "A small layer on top of trigger_error(E_USER_DEPRECATED) or PSR-3 logging with options to disable all deprecations or selectively for packages.",
            "homepage": "https://www.doctrine-project.org/",
            "support": {
                "issues": "https://github.com/doctrine/deprecations/issues",
                "source": "https://github.com/doctrine/deprecations/tree/v1.0.0"
            },
            "time": "2022-05-02T15:47:09+00:00"
        },
        {
            "name": "doctrine/event-manager",
            "version": "2.0.0",
            "source": {
                "type": "git",
                "url": "https://github.com/doctrine/event-manager.git",
                "reference": "750671534e0241a7c50ea5b43f67e23eb5c96f32"
            },
            "dist": {
                "type": "zip",
                "url": "https://api.github.com/repos/doctrine/event-manager/zipball/750671534e0241a7c50ea5b43f67e23eb5c96f32",
                "reference": "750671534e0241a7c50ea5b43f67e23eb5c96f32",
                "shasum": ""
            },
            "require": {
                "php": "^8.1"
            },
            "conflict": {
                "doctrine/common": "<2.9"
            },
            "require-dev": {
                "doctrine/coding-standard": "^10",
                "phpstan/phpstan": "^1.8.8",
                "phpunit/phpunit": "^9.5",
                "vimeo/psalm": "^4.28"
            },
            "type": "library",
            "autoload": {
                "psr-4": {
                    "Doctrine\\Common\\": "src"
                }
            },
            "notification-url": "https://packagist.org/downloads/",
            "license": [
                "MIT"
            ],
            "authors": [
                {
                    "name": "Guilherme Blanco",
                    "email": "guilhermeblanco@gmail.com"
                },
                {
                    "name": "Roman Borschel",
                    "email": "roman@code-factory.org"
                },
                {
                    "name": "Benjamin Eberlei",
                    "email": "kontakt@beberlei.de"
                },
                {
                    "name": "Jonathan Wage",
                    "email": "jonwage@gmail.com"
                },
                {
                    "name": "Johannes Schmitt",
                    "email": "schmittjoh@gmail.com"
                },
                {
                    "name": "Marco Pivetta",
                    "email": "ocramius@gmail.com"
                }
            ],
            "description": "The Doctrine Event Manager is a simple PHP event system that was built to be used with the various Doctrine projects.",
            "homepage": "https://www.doctrine-project.org/projects/event-manager.html",
            "keywords": [
                "event",
                "event dispatcher",
                "event manager",
                "event system",
                "events"
            ],
            "support": {
                "issues": "https://github.com/doctrine/event-manager/issues",
                "source": "https://github.com/doctrine/event-manager/tree/2.0.0"
            },
            "funding": [
                {
                    "url": "https://www.doctrine-project.org/sponsorship.html",
                    "type": "custom"
                },
                {
                    "url": "https://www.patreon.com/phpdoctrine",
                    "type": "patreon"
                },
                {
                    "url": "https://tidelift.com/funding/github/packagist/doctrine%2Fevent-manager",
                    "type": "tidelift"
                }
            ],
            "time": "2022-10-12T20:59:15+00:00"
        },
        {
            "name": "lcobucci/clock",
            "version": "3.0.0",
            "source": {
                "type": "git",
                "url": "https://github.com/lcobucci/clock.git",
                "reference": "039ef98c6b57b101d10bd11d8fdfda12cbd996dc"
            },
            "dist": {
                "type": "zip",
                "url": "https://api.github.com/repos/lcobucci/clock/zipball/039ef98c6b57b101d10bd11d8fdfda12cbd996dc",
                "reference": "039ef98c6b57b101d10bd11d8fdfda12cbd996dc",
                "shasum": ""
            },
            "require": {
                "php": "~8.1.0 || ~8.2.0",
                "psr/clock": "^1.0"
            },
            "provide": {
                "psr/clock-implementation": "1.0"
            },
            "require-dev": {
                "infection/infection": "^0.26",
                "lcobucci/coding-standard": "^9.0",
                "phpstan/extension-installer": "^1.2",
                "phpstan/phpstan": "^1.9.4",
                "phpstan/phpstan-deprecation-rules": "^1.1.1",
                "phpstan/phpstan-phpunit": "^1.3.2",
                "phpstan/phpstan-strict-rules": "^1.4.4",
                "phpunit/phpunit": "^9.5.27"
            },
            "type": "library",
            "autoload": {
                "psr-4": {
                    "Lcobucci\\Clock\\": "src"
                }
            },
            "notification-url": "https://packagist.org/downloads/",
            "license": [
                "MIT"
            ],
            "authors": [
                {
                    "name": "Luís Cobucci",
                    "email": "lcobucci@gmail.com"
                }
            ],
            "description": "Yet another clock abstraction",
            "support": {
                "issues": "https://github.com/lcobucci/clock/issues",
                "source": "https://github.com/lcobucci/clock/tree/3.0.0"
            },
            "funding": [
                {
                    "url": "https://github.com/lcobucci",
                    "type": "github"
                },
                {
                    "url": "https://www.patreon.com/lcobucci",
                    "type": "patreon"
                }
            ],
            "time": "2022-12-19T15:00:24+00:00"
        },
        {
            "name": "lcobucci/jwt",
            "version": "4.3.0",
            "source": {
                "type": "git",
                "url": "https://github.com/lcobucci/jwt.git",
                "reference": "4d7de2fe0d51a96418c0d04004986e410e87f6b4"
            },
            "dist": {
                "type": "zip",
                "url": "https://api.github.com/repos/lcobucci/jwt/zipball/4d7de2fe0d51a96418c0d04004986e410e87f6b4",
                "reference": "4d7de2fe0d51a96418c0d04004986e410e87f6b4",
                "shasum": ""
            },
            "require": {
                "ext-hash": "*",
                "ext-json": "*",
                "ext-mbstring": "*",
                "ext-openssl": "*",
                "ext-sodium": "*",
                "lcobucci/clock": "^2.0 || ^3.0",
                "php": "^7.4 || ^8.0"
            },
            "require-dev": {
                "infection/infection": "^0.21",
                "lcobucci/coding-standard": "^6.0",
                "mikey179/vfsstream": "^1.6.7",
                "phpbench/phpbench": "^1.2",
                "phpstan/extension-installer": "^1.0",
                "phpstan/phpstan": "^1.4",
                "phpstan/phpstan-deprecation-rules": "^1.0",
                "phpstan/phpstan-phpunit": "^1.0",
                "phpstan/phpstan-strict-rules": "^1.0",
                "phpunit/php-invoker": "^3.1",
                "phpunit/phpunit": "^9.5"
            },
            "type": "library",
            "autoload": {
                "psr-4": {
                    "Lcobucci\\JWT\\": "src"
                }
            },
            "notification-url": "https://packagist.org/downloads/",
            "license": [
                "BSD-3-Clause"
            ],
            "authors": [
                {
                    "name": "Luís Cobucci",
                    "email": "lcobucci@gmail.com",
                    "role": "Developer"
                }
            ],
            "description": "A simple library to work with JSON Web Token and JSON Web Signature",
            "keywords": [
                "JWS",
                "jwt"
            ],
            "support": {
                "issues": "https://github.com/lcobucci/jwt/issues",
                "source": "https://github.com/lcobucci/jwt/tree/4.3.0"
            },
            "funding": [
                {
                    "url": "https://github.com/lcobucci",
                    "type": "github"
                },
                {
                    "url": "https://www.patreon.com/lcobucci",
                    "type": "patreon"
                }
            ],
            "time": "2023-01-02T13:28:00+00:00"
        },
        {
            "name": "pecee/simple-router",
            "version": "5.0.0.1",
            "source": {
                "type": "git",
                "url": "https://github.com/skipperbent/simple-php-router.git",
                "reference": "0cb7fc416d5c028380ade7b2296a239120a5ce32"
            },
            "dist": {
                "type": "zip",
                "url": "https://api.github.com/repos/skipperbent/simple-php-router/zipball/0cb7fc416d5c028380ade7b2296a239120a5ce32",
                "reference": "0cb7fc416d5c028380ade7b2296a239120a5ce32",
                "shasum": ""
            },
            "require": {
                "ext-json": "*",
                "php": ">=7.4"
            },
            "require-dev": {
                "mockery/mockery": "^1",
                "phpstan/phpstan": "^0",
                "phpstan/phpstan-deprecation-rules": "^0",
                "phpstan/phpstan-phpunit": "^0",
                "phpstan/phpstan-strict-rules": "^0",
                "phpunit/phpunit": "^7"
            },
            "type": "library",
            "autoload": {
                "psr-4": {
                    "Pecee\\": "src/Pecee/"
                }
            },
            "notification-url": "https://packagist.org/downloads/",
            "license": [
                "MIT"
            ],
            "authors": [
                {
                    "name": "Simon Sessingø",
                    "email": "simon.sessingoe@gmail.com"
                }
            ],
            "description": "Simple, fast PHP router that is easy to get integrated and in almost any project. Heavily inspired by the Laravel router.",
            "keywords": [
                "framework",
                "input-handler",
                "laravel",
                "pecee",
                "php",
                "request-handler",
                "route",
                "router",
                "routing",
                "routing-engine",
                "simple-php-router",
                "url-handling"
            ],
            "support": {
                "issues": "https://github.com/skipperbent/simple-php-router/issues",
                "source": "https://github.com/skipperbent/simple-php-router/issues"
            },
            "time": "2023-02-09T02:35:29+00:00"
        },
        {
            "name": "phpoption/phpoption",
            "version": "1.9.0",
            "source": {
                "type": "git",
                "url": "https://github.com/schmittjoh/php-option.git",
                "reference": "dc5ff11e274a90cc1c743f66c9ad700ce50db9ab"
            },
            "dist": {
                "type": "zip",
                "url": "https://api.github.com/repos/schmittjoh/php-option/zipball/dc5ff11e274a90cc1c743f66c9ad700ce50db9ab",
                "reference": "dc5ff11e274a90cc1c743f66c9ad700ce50db9ab",
                "shasum": ""
            },
            "require": {
                "php": "^7.2.5 || ^8.0"
            },
            "require-dev": {
                "bamarni/composer-bin-plugin": "^1.8",
                "phpunit/phpunit": "^8.5.28 || ^9.5.21"
            },
            "type": "library",
            "extra": {
                "bamarni-bin": {
                    "bin-links": true,
                    "forward-command": true
                },
                "branch-alias": {
                    "dev-master": "1.9-dev"
                }
            },
            "autoload": {
                "psr-4": {
                    "PhpOption\\": "src/PhpOption/"
                }
            },
            "notification-url": "https://packagist.org/downloads/",
            "license": [
                "Apache-2.0"
            ],
            "authors": [
                {
                    "name": "Johannes M. Schmitt",
                    "email": "schmittjoh@gmail.com",
                    "homepage": "https://github.com/schmittjoh"
                },
                {
                    "name": "Graham Campbell",
                    "email": "hello@gjcampbell.co.uk",
                    "homepage": "https://github.com/GrahamCampbell"
                }
            ],
            "description": "Option Type for PHP",
            "keywords": [
                "language",
                "option",
                "php",
                "type"
            ],
            "support": {
                "issues": "https://github.com/schmittjoh/php-option/issues",
                "source": "https://github.com/schmittjoh/php-option/tree/1.9.0"
            },
            "funding": [
                {
                    "url": "https://github.com/GrahamCampbell",
                    "type": "github"
                },
                {
                    "url": "https://tidelift.com/funding/github/packagist/phpoption/phpoption",
                    "type": "tidelift"
                }
            ],
            "time": "2022-07-30T15:51:26+00:00"
        },
        {
            "name": "psr/cache",
            "version": "3.0.0",
            "source": {
                "type": "git",
                "url": "https://github.com/php-fig/cache.git",
                "reference": "aa5030cfa5405eccfdcb1083ce040c2cb8d253bf"
            },
            "dist": {
                "type": "zip",
                "url": "https://api.github.com/repos/php-fig/cache/zipball/aa5030cfa5405eccfdcb1083ce040c2cb8d253bf",
                "reference": "aa5030cfa5405eccfdcb1083ce040c2cb8d253bf",
                "shasum": ""
            },
            "require": {
                "php": ">=8.0.0"
            },
            "type": "library",
            "extra": {
                "branch-alias": {
                    "dev-master": "1.0.x-dev"
                }
            },
            "autoload": {
                "psr-4": {
                    "Psr\\Cache\\": "src/"
                }
            },
            "notification-url": "https://packagist.org/downloads/",
            "license": [
                "MIT"
            ],
            "authors": [
                {
                    "name": "PHP-FIG",
                    "homepage": "https://www.php-fig.org/"
                }
            ],
            "description": "Common interface for caching libraries",
            "keywords": [
                "cache",
                "psr",
                "psr-6"
            ],
            "support": {
                "source": "https://github.com/php-fig/cache/tree/3.0.0"
            },
            "time": "2021-02-03T23:26:27+00:00"
        },
        {
            "name": "psr/clock",
            "version": "1.0.0",
            "source": {
                "type": "git",
                "url": "https://github.com/php-fig/clock.git",
                "reference": "e41a24703d4560fd0acb709162f73b8adfc3aa0d"
            },
            "dist": {
                "type": "zip",
                "url": "https://api.github.com/repos/php-fig/clock/zipball/e41a24703d4560fd0acb709162f73b8adfc3aa0d",
                "reference": "e41a24703d4560fd0acb709162f73b8adfc3aa0d",
                "shasum": ""
            },
            "require": {
                "php": "^7.0 || ^8.0"
            },
            "type": "library",
            "autoload": {
                "psr-4": {
                    "Psr\\Clock\\": "src/"
                }
            },
            "notification-url": "https://packagist.org/downloads/",
            "license": [
                "MIT"
            ],
            "authors": [
                {
                    "name": "PHP-FIG",
                    "homepage": "https://www.php-fig.org/"
                }
            ],
            "description": "Common interface for reading the clock.",
            "homepage": "https://github.com/php-fig/clock",
            "keywords": [
                "clock",
                "now",
                "psr",
                "psr-20",
                "time"
            ],
            "support": {
                "issues": "https://github.com/php-fig/clock/issues",
                "source": "https://github.com/php-fig/clock/tree/1.0.0"
            },
            "time": "2022-11-25T14:36:26+00:00"
        },
        {
            "name": "psr/log",
            "version": "3.0.0",
            "source": {
                "type": "git",
                "url": "https://github.com/php-fig/log.git",
                "reference": "fe5ea303b0887d5caefd3d431c3e61ad47037001"
            },
            "dist": {
                "type": "zip",
                "url": "https://api.github.com/repos/php-fig/log/zipball/fe5ea303b0887d5caefd3d431c3e61ad47037001",
                "reference": "fe5ea303b0887d5caefd3d431c3e61ad47037001",
                "shasum": ""
            },
            "require": {
                "php": ">=8.0.0"
            },
            "type": "library",
            "extra": {
                "branch-alias": {
                    "dev-master": "3.x-dev"
                }
            },
            "autoload": {
                "psr-4": {
                    "Psr\\Log\\": "src"
                }
            },
            "notification-url": "https://packagist.org/downloads/",
            "license": [
                "MIT"
            ],
            "authors": [
                {
                    "name": "PHP-FIG",
                    "homepage": "https://www.php-fig.org/"
                }
            ],
            "description": "Common interface for logging libraries",
            "homepage": "https://github.com/php-fig/log",
            "keywords": [
                "log",
                "psr",
                "psr-3"
            ],
            "support": {
                "source": "https://github.com/php-fig/log/tree/3.0.0"
            },
            "time": "2021-07-14T16:46:02+00:00"
        },
        {
            "name": "symfony/polyfill-ctype",
            "version": "v1.27.0",
            "source": {
                "type": "git",
                "url": "https://github.com/symfony/polyfill-ctype.git",
                "reference": "5bbc823adecdae860bb64756d639ecfec17b050a"
            },
            "dist": {
                "type": "zip",
                "url": "https://api.github.com/repos/symfony/polyfill-ctype/zipball/5bbc823adecdae860bb64756d639ecfec17b050a",
                "reference": "5bbc823adecdae860bb64756d639ecfec17b050a",
                "shasum": ""
            },
            "require": {
                "php": ">=7.1"
            },
            "provide": {
                "ext-ctype": "*"
            },
            "suggest": {
                "ext-ctype": "For best performance"
            },
            "type": "library",
            "extra": {
                "branch-alias": {
                    "dev-main": "1.27-dev"
                },
                "thanks": {
                    "name": "symfony/polyfill",
                    "url": "https://github.com/symfony/polyfill"
                }
            },
            "autoload": {
                "files": [
                    "bootstrap.php"
                ],
                "psr-4": {
                    "Symfony\\Polyfill\\Ctype\\": ""
                }
            },
            "notification-url": "https://packagist.org/downloads/",
            "license": [
                "MIT"
            ],
            "authors": [
                {
                    "name": "Gert de Pagter",
                    "email": "BackEndTea@gmail.com"
                },
                {
                    "name": "Symfony Community",
                    "homepage": "https://symfony.com/contributors"
                }
            ],
            "description": "Symfony polyfill for ctype functions",
            "homepage": "https://symfony.com",
            "keywords": [
                "compatibility",
                "ctype",
                "polyfill",
                "portable"
            ],
            "support": {
                "source": "https://github.com/symfony/polyfill-ctype/tree/v1.27.0"
            },
            "funding": [
                {
                    "url": "https://symfony.com/sponsor",
                    "type": "custom"
                },
                {
                    "url": "https://github.com/fabpot",
                    "type": "github"
                },
                {
                    "url": "https://tidelift.com/funding/github/packagist/symfony/symfony",
                    "type": "tidelift"
                }
            ],
            "time": "2022-11-03T14:55:06+00:00"
        },
        {
            "name": "vlucas/phpdotenv",
            "version": "v4.3.0",
            "source": {
                "type": "git",
                "url": "https://github.com/vlucas/phpdotenv.git",
                "reference": "67a491df68208bef8c37092db11fa3885008efcf"
            },
            "dist": {
                "type": "zip",
                "url": "https://api.github.com/repos/vlucas/phpdotenv/zipball/67a491df68208bef8c37092db11fa3885008efcf",
                "reference": "67a491df68208bef8c37092db11fa3885008efcf",
                "shasum": ""
            },
            "require": {
                "php": "^5.5.9 || ^7.0 || ^8.0",
                "phpoption/phpoption": "^1.7.3",
                "symfony/polyfill-ctype": "^1.17"
            },
            "require-dev": {
                "bamarni/composer-bin-plugin": "^1.4.1",
                "ext-filter": "*",
                "ext-pcre": "*",
                "phpunit/phpunit": "^4.8.36 || ^5.7.27 || ^6.5.14 || ^7.5.20 || ^8.5.30"
            },
            "suggest": {
                "ext-filter": "Required to use the boolean validator.",
                "ext-pcre": "Required to use most of the library."
            },
            "type": "library",
            "extra": {
                "bamarni-bin": {
                    "bin-links": true,
                    "forward-command": true
                },
                "branch-alias": {
                    "dev-master": "4.3-dev"
                }
            },
            "autoload": {
                "psr-4": {
                    "Dotenv\\": "src/"
                }
            },
            "notification-url": "https://packagist.org/downloads/",
            "license": [
                "BSD-3-Clause"
            ],
            "authors": [
                {
                    "name": "Graham Campbell",
                    "email": "hello@gjcampbell.co.uk",
                    "homepage": "https://github.com/GrahamCampbell"
                },
                {
                    "name": "Vance Lucas",
                    "email": "vance@vancelucas.com",
                    "homepage": "https://github.com/vlucas"
                }
            ],
            "description": "Loads environment variables from `.env` to `getenv()`, `$_ENV` and `$_SERVER` automagically.",
            "keywords": [
                "dotenv",
                "env",
                "environment"
            ],
            "support": {
                "issues": "https://github.com/vlucas/phpdotenv/issues",
                "source": "https://github.com/vlucas/phpdotenv/tree/v4.3.0"
            },
            "funding": [
                {
                    "url": "https://github.com/GrahamCampbell",
                    "type": "github"
                },
                {
                    "url": "https://tidelift.com/funding/github/packagist/vlucas/phpdotenv",
                    "type": "tidelift"
                }
            ],
            "time": "2022-10-16T00:51:09+00:00"
        }
    ],
    "packages-dev": [],
    "aliases": [],
    "minimum-stability": "stable",
    "stability-flags": [],
    "prefer-stable": false,
    "prefer-lowest": false,
    "platform": {
        "ext-json": "*"
    },
    "platform-dev": [],
    "plugin-api-version": "2.3.0"
}
